// !$*UTF8*$!
{
	archiveVersion = 1;
	classes = {
	};
	objectVersion = 50;
	objects = {

/* Begin PBXBuildFile section */
		EA96DAAB245CCE870070B5FF /* AppDelegate.swift in Sources */ = {isa = PBXBuildFile; fileRef = EA96DAAA245CCE870070B5FF /* AppDelegate.swift */; };
		EA96DAAD245CCE870070B5FF /* SceneDelegate.swift in Sources */ = {isa = PBXBuildFile; fileRef = EA96DAAC245CCE870070B5FF /* SceneDelegate.swift */; };
		EA96DAAF245CCE870070B5FF /* ViewController.swift in Sources */ = {isa = PBXBuildFile; fileRef = EA96DAAE245CCE870070B5FF /* ViewController.swift */; };
		EA96DAB2245CCE870070B5FF /* Main.storyboard in Resources */ = {isa = PBXBuildFile; fileRef = EA96DAB0245CCE870070B5FF /* Main.storyboard */; };
		EA96DAB5245CCE870070B5FF /* LightMorse.xcdatamodeld in Sources */ = {isa = PBXBuildFile; fileRef = EA96DAB3245CCE870070B5FF /* LightMorse.xcdatamodeld */; };
		EA96DAB7245CCE8A0070B5FF /* Assets.xcassets in Resources */ = {isa = PBXBuildFile; fileRef = EA96DAB6245CCE8A0070B5FF /* Assets.xcassets */; };
		EA96DABA245CCE8A0070B5FF /* LaunchScreen.storyboard in Resources */ = {isa = PBXBuildFile; fileRef = EA96DAB8245CCE8A0070B5FF /* LaunchScreen.storyboard */; };
/* End PBXBuildFile section */

/* Begin PBXFileReference section */
		EA96DAA7245CCE870070B5FF /* LightMorse.app */ = {isa = PBXFileReference; explicitFileType = wrapper.application; includeInIndex = 0; path = LightMorse.app; sourceTree = BUILT_PRODUCTS_DIR; };
		EA96DAAA245CCE870070B5FF /* AppDelegate.swift */ = {isa = PBXFileReference; lastKnownFileType = sourcecode.swift; path = AppDelegate.swift; sourceTree = "<group>"; };
		EA96DAAC245CCE870070B5FF /* SceneDelegate.swift */ = {isa = PBXFileReference; lastKnownFileType = sourcecode.swift; path = SceneDelegate.swift; sourceTree = "<group>"; };
		EA96DAAE245CCE870070B5FF /* ViewController.swift */ = {isa = PBXFileReference; lastKnownFileType = sourcecode.swift; path = ViewController.swift; sourceTree = "<group>"; };
		EA96DAB1245CCE870070B5FF /* Base */ = {isa = PBXFileReference; lastKnownFileType = file.storyboard; name = Base; path = Base.lproj/Main.storyboard; sourceTree = "<group>"; };
		EA96DAB4245CCE870070B5FF /* LightMorse.xcdatamodel */ = {isa = PBXFileReference; lastKnownFileType = wrapper.xcdatamodel; path = LightMorse.xcdatamodel; sourceTree = "<group>"; };
		EA96DAB6245CCE8A0070B5FF /* Assets.xcassets */ = {isa = PBXFileReference; lastKnownFileType = folder.assetcatalog; path = Assets.xcassets; sourceTree = "<group>"; };
		EA96DAB9245CCE8A0070B5FF /* Base */ = {isa = PBXFileReference; lastKnownFileType = file.storyboard; name = Base; path = Base.lproj/LaunchScreen.storyboard; sourceTree = "<group>"; };
		EA96DABB245CCE8A0070B5FF /* Info.plist */ = {isa = PBXFileReference; lastKnownFileType = text.plist.xml; path = Info.plist; sourceTree = "<group>"; };
/* End PBXFileReference section */

/* Begin PBXFrameworksBuildPhase section */
		EA96DAA4245CCE870070B5FF /* Frameworks */ = {
			isa = PBXFrameworksBuildPhase;
			buildActionMask = 2147483647;
			files = (
			);
			runOnlyForDeploymentPostprocessing = 0;
		};
/* End PBXFrameworksBuildPhase section */

/* Begin PBXGroup section */
		EA96DA9E245CCE870070B5FF = {
			isa = PBXGroup;
			children = (
				EA96DAA9245CCE870070B5FF /* LightMorse */,
				EA96DAA8245CCE870070B5FF /* Products */,
			);
			sourceTree = "<group>";
		};
		EA96DAA8245CCE870070B5FF /* Products */ = {
			isa = PBXGroup;
			children = (
				EA96DAA7245CCE870070B5FF /* LightMorse.app */,
			);
			name = Products;
			sourceTree = "<group>";
		};
		EA96DAA9245CCE870070B5FF /* LightMorse */ = {
			isa = PBXGroup;
			children = (
				EA96DAAA245CCE870070B5FF /* AppDelegate.swift */,
				EA96DAAC245CCE870070B5FF /* SceneDelegate.swift */,
				EA96DAAE245CCE870070B5FF /* ViewController.swift */,
				EA96DAB0245CCE870070B5FF /* Main.storyboard */,
				EA96DAB6245CCE8A0070B5FF /* Assets.xcassets */,
				EA96DAB8245CCE8A0070B5FF /* LaunchScreen.storyboard */,
				EA96DABB245CCE8A0070B5FF /* Info.plist */,
				EA96DAB3245CCE870070B5FF /* LightMorse.xcdatamodeld */,
			);
			path = LightMorse;
			sourceTree = "<group>";
		};
/* End PBXGroup section */

/* Begin PBXNativeTarget section */
		EA96DAA6245CCE870070B5FF /* LightMorse */ = {
			isa = PBXNativeTarget;
			buildConfigurationList = EA96DABE245CCE8A0070B5FF /* Build configuration list for PBXNativeTarget "LightMorse" */;
			buildPhases = (
				EA96DAA3245CCE870070B5FF /* Sources */,
				EA96DAA4245CCE870070B5FF /* Frameworks */,
				EA96DAA5245CCE870070B5FF /* Resources */,
			);
			buildRules = (
			);
			dependencies = (
			);
			name = LightMorse;
			productName = LightMorse;
			productReference = EA96DAA7245CCE870070B5FF /* LightMorse.app */;
			productType = "com.apple.product-type.application";
		};
/* End PBXNativeTarget section */

/* Begin PBXProject section */
		EA96DA9F245CCE870070B5FF /* Project object */ = {
			isa = PBXProject;
			attributes = {
				LastSwiftUpdateCheck = 1130;
				LastUpgradeCheck = 1130;
				ORGANIZATIONNAME = "Peter Brennan";
				TargetAttributes = {
					EA96DAA6245CCE870070B5FF = {
						CreatedOnToolsVersion = 11.3.1;
					};
				};
			};
			buildConfigurationList = EA96DAA2245CCE870070B5FF /* Build configuration list for PBXProject "LightMorse" */;
			compatibilityVersion = "Xcode 9.3";
			developmentRegion = en;
			hasScannedForEncodings = 0;
			knownRegions = (
				en,
				Base,
			);
			mainGroup = EA96DA9E245CCE870070B5FF;
			productRefGroup = EA96DAA8245CCE870070B5FF /* Products */;
			projectDirPath = "";
			projectRoot = "";
			targets = (
				EA96DAA6245CCE870070B5FF /* LightMorse */,
			);
		};
/* End PBXProject section */

/* Begin PBXResourcesBuildPhase section */
		EA96DAA5245CCE870070B5FF /* Resources */ = {
			isa = PBXResourcesBuildPhase;
			buildActionMask = 2147483647;
			files = (
				EA96DABA245CCE8A0070B5FF /* LaunchScreen.storyboard in Resources */,
				EA96DAB7245CCE8A0070B5FF /* Assets.xcassets in Resources */,
				EA96DAB2245CCE870070B5FF /* Main.storyboard in Resources */,
			);
			runOnlyForDeploymentPostprocessing = 0;
		};
/* End PBXResourcesBuildPhase section */

/* Begin PBXSourcesBuildPhase section */
		EA96DAA3245CCE870070B5FF /* Sources */ = {
			isa = PBXSourcesBuildPhase;
			buildActionMask = 2147483647;
			files = (
				EA96DAAF245CCE870070B5FF /* ViewController.swift in Sources */,
				EA96DAB5245CCE870070B5FF /* LightMorse.xcdatamodeld in Sources */,
				EA96DAAB245CCE870070B5FF /* AppDelegate.swift in Sources */,
				EA96DAAD245CCE870070B5FF /* SceneDelegate.swift in Sources */,
			);
			runOnlyForDeploymentPostprocessing = 0;
		};
/* End PBXSourcesBuildPhase section */

/* Begin PBXVariantGroup section */
		EA96DAB0245CCE870070B5FF /* Main.storyboard */ = {
			isa = PBXVariantGroup;
			children = (
				EA96DAB1245CCE870070B5FF /* Base */,
			);
			name = Main.storyboard;
			sourceTree = "<group>";
		};
		EA96DAB8245CCE8A0070B5FF /* LaunchScreen.storyboard */ = {
			isa = PBXVariantGroup;
			children = (
				EA96DAB9245CCE8A0070B5FF /* Base */,
			);
			name = LaunchScreen.storyboard;
			sourceTree = "<group>";
		};
/* End PBXVariantGroup section */

/* Begin XCBuildConfiguration section */
		EA96DABC245CCE8A0070B5FF /* Debug */ = {
			isa = XCBuildConfiguration;
			buildSettings = {
				ALWAYS_SEARCH_USER_PATHS = NO;
				CLANG_ANALYZER_NONNULL = YES;
				CLANG_ANALYZER_NUMBER_OBJECT_CONVERSION = YES_AGGRESSIVE;
				CLANG_CXX_LANGUAGE_STANDARD = "gnu++14";
				CLANG_CXX_LIBRARY = "libc++";
				CLANG_ENABLE_MODULES = YES;
				CLANG_ENABLE_OBJC_ARC = YES;
				CLANG_ENABLE_OBJC_WEAK = YES;
				CLANG_WARN_BLOCK_CAPTURE_AUTORELEASING = YES;
				CLANG_WARN_BOOL_CONVERSION = YES;
				CLANG_WARN_COMMA = YES;
				CLANG_WARN_CONSTANT_CONVERSION = YES;
				CLANG_WARN_DEPRECATED_OBJC_IMPLEMENTATIONS = YES;
				CLANG_WARN_DIRECT_OBJC_ISA_USAGE = YES_ERROR;
				CLANG_WARN_DOCUMENTATION_COMMENTS = YES;
				CLANG_WARN_EMPTY_BODY = YES;
				CLANG_WARN_ENUM_CONVERSION = YES;
				CLANG_WARN_INFINITE_RECURSION = YES;
				CLANG_WARN_INT_CONVERSION = YES;
				CLANG_WARN_NON_LITERAL_NULL_CONVERSION = YES;
				CLANG_WARN_OBJC_IMPLICIT_RETAIN_SELF = YES;
				CLANG_WARN_OBJC_LITERAL_CONVERSION = YES;
				CLANG_WARN_OBJC_ROOT_CLASS = YES_ERROR;
				CLANG_WARN_RANGE_LOOP_ANALYSIS = YES;
				CLANG_WARN_STRICT_PROTOTYPES = YES;
				CLANG_WARN_SUSPICIOUS_MOVE = YES;
				CLANG_WARN_UNGUARDED_AVAILABILITY = YES_AGGRESSIVE;
				CLANG_WARN_UNREACHABLE_CODE = YES;
				CLANG_WARN__DUPLICATE_METHOD_MATCH = YES;
				COPY_PHASE_STRIP = NO;
				DEBUG_INFORMATION_FORMAT = dwarf;
				ENABLE_STRICT_OBJC_MSGSEND = YES;
				ENABLE_TESTABILITY = YES;
				GCC_C_LANGUAGE_STANDARD = gnu11;
				GCC_DYNAMIC_NO_PIC = NO;
				GCC_NO_COMMON_BLOCKS = YES;
				GCC_OPTIMIZATION_LEVEL = 0;
				GCC_PREPROCESSOR_DEFINITIONS = (
					"DEBUG=1",
					"$(inherited)",
				);
				GCC_WARN_64_TO_32_BIT_CONVERSION = YES;
				GCC_WARN_ABOUT_RETURN_TYPE = YES_ERROR;
				GCC_WARN_UNDECLARED_SELECTOR = YES;
				GCC_WARN_UNINITIALIZED_AUTOS = YES_AGGRESSIVE;
				GCC_WARN_UNUSED_FUNCTION = YES;
				GCC_WARN_UNUSED_VARIABLE = YES;
				IPHONEOS_DEPLOYMENT_TARGET = 13.2;
				MTL_ENABLE_DEBUG_INFO = INCLUDE_SOURCE;
				MTL_FAST_MATH = YES;
				ONLY_ACTIVE_ARCH = YES;
				SDKROOT = iphoneos;
				SWIFT_ACTIVE_COMPILATION_CONDITIONS = DEBUG;
				SWIFT_OPTIMIZATION_LEVEL = "-Onone";
			};
			name = Debug;
		};
		EA96DABD245CCE8A0070B5FF /* Release */ = {
			isa = XCBuildConfiguration;
			buildSettings = {
				ALWAYS_SEARCH_USER_PATHS = NO;
				CLANG_ANALYZER_NONNULL = YES;
				CLANG_ANALYZER_NUMBER_OBJECT_CONVERSION = YES_AGGRESSIVE;
				CLANG_CXX_LANGUAGE_STANDARD = "gnu++14";
				CLANG_CXX_LIBRARY = "libc++";
				CLANG_ENABLE_MODULES = YES;
				CLANG_ENABLE_OBJC_ARC = YES;
				CLANG_ENABLE_OBJC_WEAK = YES;
				CLANG_WARN_BLOCK_CAPTURE_AUTORELEASING = YES;
				CLANG_WARN_BOOL_CONVERSION = YES;
				CLANG_WARN_COMMA = YES;
				CLANG_WARN_CONSTANT_CONVERSION = YES;
				CLANG_WARN_DEPRECATED_OBJC_IMPLEMENTATIONS = YES;
				CLANG_WARN_DIRECT_OBJC_ISA_USAGE = YES_ERROR;
				CLANG_WARN_DOCUMENTATION_COMMENTS = YES;
				CLANG_WARN_EMPTY_BODY = YES;
				CLANG_WARN_ENUM_CONVERSION = YES;
				CLANG_WARN_INFINITE_RECURSION = YES;
				CLANG_WARN_INT_CONVERSION = YES;
				CLANG_WARN_NON_LITERAL_NULL_CONVERSION = YES;
				CLANG_WARN_OBJC_IMPLICIT_RETAIN_SELF = YES;
				CLANG_WARN_OBJC_LITERAL_CONVERSION = YES;
				CLANG_WARN_OBJC_ROOT_CLASS = YES_ERROR;
				CLANG_WARN_RANGE_LOOP_ANALYSIS = YES;
				CLANG_WARN_STRICT_PROTOTYPES = YES;
				CLANG_WARN_SUSPICIOUS_MOVE = YES;
				CLANG_WARN_UNGUARDED_AVAILABILITY = YES_AGGRESSIVE;
				CLANG_WARN_UNREACHABLE_CODE = YES;
				CLANG_WARN__DUPLICATE_METHOD_MATCH = YES;
				COPY_PHASE_STRIP = NO;
				DEBUG_INFORMATION_FORMAT = "dwarf-with-dsym";
				ENABLE_NS_ASSERTIONS = NO;
				ENABLE_STRICT_OBJC_MSGSEND = YES;
				GCC_C_LANGUAGE_STANDARD = gnu11;
				GCC_NO_COMMON_BLOCKS = YES;
				GCC_WARN_64_TO_32_BIT_CONVERSION = YES;
				GCC_WARN_ABOUT_RETURN_TYPE = YES_ERROR;
				GCC_WARN_UNDECLARED_SELECTOR = YES;
				GCC_WARN_UNINITIALIZED_AUTOS = YES_AGGRESSIVE;
				GCC_WARN_UNUSED_FUNCTION = YES;
				GCC_WARN_UNUSED_VARIABLE = YES;
				IPHONEOS_DEPLOYMENT_TARGET = 13.2;
				MTL_ENABLE_DEBUG_INFO = NO;
				MTL_FAST_MATH = YES;
				SDKROOT = iphoneos;
				SWIFT_COMPILATION_MODE = wholemodule;
				SWIFT_OPTIMIZATION_LEVEL = "-O";
				VALIDATE_PRODUCT = YES;
			};
			name = Release;
		};
		EA96DABF245CCE8A0070B5FF /* Debug */ = {
			isa = XCBuildConfiguration;
			buildSettings = {
				ASSETCATALOG_COMPILER_APPICON_NAME = AppIcon;
				CODE_SIGN_STYLE = Automatic;
				DEVELOPMENT_TEAM = EM6LRQE8FZ;
				INFOPLIST_FILE = LightMorse/Info.plist;
				LD_RUNPATH_SEARCH_PATHS = (
					"$(inherited)",
					"@executable_path/Frameworks",
				);
				PRODUCT_BUNDLE_IDENTIFIER = com.peterb.LightMorse;
				PRODUCT_NAME = "$(TARGET_NAME)";
				SWIFT_VERSION = 5.0;
				TARGETED_DEVICE_FAMILY = "1,2";
			};
			name = Debug;
		};
		EA96DAC0245CCE8A0070B5FF /* Release */ = {
			isa = XCBuildConfiguration;
			buildSettings = {
				ASSETCATALOG_COMPILER_APPICON_NAME = AppIcon;
				CODE_SIGN_STYLE = Automatic;
				DEVELOPMENT_TEAM = EM6LRQE8FZ;
				INFOPLIST_FILE = LightMorse/Info.plist;
				LD_RUNPATH_SEARCH_PATHS = (
					"$(inherited)",
					"@executable_path/Frameworks",
				);
				PRODUCT_BUNDLE_IDENTIFIER = com.peterb.LightMorse;
				PRODUCT_NAME = "$(TARGET_NAME)";
				SWIFT_VERSION = 5.0;
				TARGETED_DEVICE_FAMILY = "1,2";
			};
			name = Release;
		};
/* End XCBuildConfiguration section */

/* Begin XCConfigurationList section */
		EA96DAA2245CCE870070B5FF /* Build configuration list for PBXProject "LightMorse" */ = {
			isa = XCConfigurationList;
			buildConfigurations = (
				EA96DABC245CCE8A0070B5FF /* Debug */,
				EA96DABD245CCE8A0070B5FF /* Release */,
			);
			defaultConfigurationIsVisible = 0;
			defaultConfigurationName = Release;
		};
		EA96DABE245CCE8A0070B5FF /* Build configuration list for PBXNativeTarget "LightMorse" */ = {
			isa = XCConfigurationList;
			buildConfigurations = (
				EA96DABF245CCE8A0070B5FF /* Debug */,
				EA96DAC0245CCE8A0070B5FF /* Release */,
			);
			defaultConfigurationIsVisible = 0;
			defaultConfigurationName = Release;
		};
/* End XCConfigurationList section */

/* Begin XCVersionGroup section */
		EA96DAB3245CCE870070B5FF /* LightMorse.xcdatamodeld */ = {
			isa = XCVersionGroup;
			children = (
				EA96DAB4245CCE870070B5FF /* LightMorse.xcdatamodel */,
			);
			currentVersion = EA96DAB4245CCE870070B5FF /* LightMorse.xcdatamodel */;
			path = LightMorse.xcdatamodeld;
			sourceTree = "<group>";
			versionGroupType = wrapper.xcdatamodel;
		};
/* End XCVersionGroup section */
	};
	rootObject = EA96DA9F245CCE870070B5FF /* Project object */;
}
